
Microsoft Visual Studio Solution File, Format Version 12.00
# Visual Studio 2013
VisualStudioVersion = 12.0.31101.0
MinimumVisualStudioVersion = 10.0.40219.1
Project("{FAE04EC0-301F-11D3-BF4B-00C04F79EFBC}") = "Pusher", "Pusher\Pusher.csproj", "{FF212BEC-10AC-49EC-9E57-164CD1CAD02E}"
EndProject
Project("{2150E333-8FDC-42A3-9474-1A3956D46DE8}") = "Connections", "Connections", "{773CAD5C-12EF-4B84-8C27-267B2B7E658D}"
EndProject
Project("{FAE04EC0-301F-11D3-BF4B-00C04F79EFBC}") = "Pusher.Connections.WindowsStore", "Pusher.Connections.WindowsStore\Pusher.Connections.WindowsStore.csproj", "{831A6A92-DA04-4255-AE60-00E307A65DD8}"
EndProject
Project("{2150E333-8FDC-42A3-9474-1A3956D46DE8}") = "Solution Items", "Solution Items", "{1F1DE06F-0720-4881-BF16-BF9F4F44B333}"
	ProjectSection(SolutionItems) = preProject
		Pusher\Pusher.nuspec = Pusher\Pusher.nuspec
		README.md = README.md
	EndProjectSection
EndProject
Project("{2150E333-8FDC-42A3-9474-1A3956D46DE8}") = ".nuget", ".nuget", "{8083804A-BA64-43E2-99F8-7D7AC5145AA9}"
	ProjectSection(SolutionItems) = preProject
		.nuget\NuGet.Config = .nuget\NuGet.Config
		.nuget\NuGet.exe = .nuget\NuGet.exe
		.nuget\NuGet.targets = .nuget\NuGet.targets
	EndProjectSection
EndProject
Project("{2150E333-8FDC-42A3-9474-1A3956D46DE8}") = "PusherTest", "PusherTest", "{BD6F24F6-7E40-4564-9149-365D0E0B1F9C}"
EndProject
Project("{D954291E-2A0B-460D-934E-DC6B0785DB48}") = "PusherTest.Shared", "PusherTest\PusherTest.Shared\PusherTest.Shared.shproj", "{218DD20A-7D83-48C7-85B2-0FDC3AC39627}"
EndProject
Project("{FAE04EC0-301F-11D3-BF4B-00C04F79EFBC}") = "PusherTest.Windows", "PusherTest\PusherTest.Windows\PusherTest.Windows.csproj", "{4332E39D-3F94-4F7D-ADAE-63489CD2ED5C}"
EndProject
Project("{FAE04EC0-301F-11D3-BF4B-00C04F79EFBC}") = "PusherTest.WindowsPhone", "PusherTest\PusherTest.WindowsPhone\PusherTest.WindowsPhone.csproj", "{A6D64211-F295-4BE6-8A7F-C6E9135F280D}"
EndProject
Global
	GlobalSection(SharedMSBuildProjectFiles) = preSolution
		PusherTest\PusherTest.Shared\PusherTest.Shared.projitems*{a6d64211-f295-4be6-8a7f-c6e9135f280d}*SharedItemsImports = 4
		PusherTest\PusherTest.Shared\PusherTest.Shared.projitems*{4332e39d-3f94-4f7d-adae-63489cd2ed5c}*SharedItemsImports = 4
		PusherTest\PusherTest.Shared\PusherTest.Shared.projitems*{218dd20a-7d83-48c7-85b2-0fdc3ac39627}*SharedItemsImports = 13
	EndGlobalSection
	GlobalSection(SolutionConfigurationPlatforms) = preSolution
		Debug|Any CPU = Debug|Any CPU
		Debug|ARM = Debug|ARM
		Debug|x64 = Debug|x64
		Debug|x86 = Debug|x86
		Release|Any CPU = Release|Any CPU
		Release|ARM = Release|ARM
		Release|x64 = Release|x64
		Release|x86 = Release|x86
	EndGlobalSection
	GlobalSection(ProjectConfigurationPlatforms) = postSolution
		{FF212BEC-10AC-49EC-9E57-164CD1CAD02E}.Debug|Any CPU.ActiveCfg = Debug|Any CPU
		{FF212BEC-10AC-49EC-9E57-164CD1CAD02E}.Debug|Any CPU.Build.0 = Debug|Any CPU
		{FF212BEC-10AC-49EC-9E57-164CD1CAD02E}.Debug|ARM.ActiveCfg = Debug|Any CPU
		{FF212BEC-10AC-49EC-9E57-164CD1CAD02E}.Debug|x64.ActiveCfg = Debug|Any CPU
		{FF212BEC-10AC-49EC-9E57-164CD1CAD02E}.Debug|x86.ActiveCfg = Debug|Any CPU
		{FF212BEC-10AC-49EC-9E57-164CD1CAD02E}.Release|Any CPU.ActiveCfg = Release|Any CPU
		{FF212BEC-10AC-49EC-9E57-164CD1CAD02E}.Release|Any CPU.Build.0 = Release|Any CPU
		{FF212BEC-10AC-49EC-9E57-164CD1CAD02E}.Release|ARM.ActiveCfg = Release|Any CPU
		{FF212BEC-10AC-49EC-9E57-164CD1CAD02E}.Release|x64.ActiveCfg = Release|Any CPU
		{FF212BEC-10AC-49EC-9E57-164CD1CAD02E}.Release|x86.ActiveCfg = Release|Any CPU
		{831A6A92-DA04-4255-AE60-00E307A65DD8}.Debug|Any CPU.ActiveCfg = Debug|Any CPU
		{831A6A92-DA04-4255-AE60-00E307A65DD8}.Debug|Any CPU.Build.0 = Debug|Any CPU
		{831A6A92-DA04-4255-AE60-00E307A65DD8}.Debug|ARM.ActiveCfg = Debug|ARM
		{831A6A92-DA04-4255-AE60-00E307A65DD8}.Debug|ARM.Build.0 = Debug|ARM
		{831A6A92-DA04-4255-AE60-00E307A65DD8}.Debug|x64.ActiveCfg = Debug|x64
		{831A6A92-DA04-4255-AE60-00E307A65DD8}.Debug|x64.Build.0 = Debug|x64
		{831A6A92-DA04-4255-AE60-00E307A65DD8}.Debug|x86.ActiveCfg = Debug|x86
		{831A6A92-DA04-4255-AE60-00E307A65DD8}.Debug|x86.Build.0 = Debug|x86
		{831A6A92-DA04-4255-AE60-00E307A65DD8}.Release|Any CPU.ActiveCfg = Release|Any CPU
		{831A6A92-DA04-4255-AE60-00E307A65DD8}.Release|Any CPU.Build.0 = Release|Any CPU
		{831A6A92-DA04-4255-AE60-00E307A65DD8}.Release|ARM.ActiveCfg = Release|ARM
		{831A6A92-DA04-4255-AE60-00E307A65DD8}.Release|ARM.Build.0 = Release|ARM
		{831A6A92-DA04-4255-AE60-00E307A65DD8}.Release|x64.ActiveCfg = Release|x64
		{831A6A92-DA04-4255-AE60-00E307A65DD8}.Release|x64.Build.0 = Release|x64
		{831A6A92-DA04-4255-AE60-00E307A65DD8}.Release|x86.ActiveCfg = Release|x86
		{831A6A92-DA04-4255-AE60-00E307A65DD8}.Release|x86.Build.0 = Release|x86
		{4332E39D-3F94-4F7D-ADAE-63489CD2ED5C}.Debug|Any CPU.ActiveCfg = Debug|Any CPU
		{4332E39D-3F94-4F7D-ADAE-63489CD2ED5C}.Debug|Any CPU.Build.0 = Debug|Any CPU
		{4332E39D-3F94-4F7D-ADAE-63489CD2ED5C}.Debug|Any CPU.Deploy.0 = Debug|Any CPU
		{4332E39D-3F94-4F7D-ADAE-63489CD2ED5C}.Debug|ARM.ActiveCfg = Debug|ARM
		{4332E39D-3F94-4F7D-ADAE-63489CD2ED5C}.Debug|ARM.Build.0 = Debug|ARM
		{4332E39D-3F94-4F7D-ADAE-63489CD2ED5C}.Debug|ARM.Deploy.0 = Debug|ARM
		{4332E39D-3F94-4F7D-ADAE-63489CD2ED5C}.Debug|x64.ActiveCfg = Debug|x64
		{4332E39D-3F94-4F7D-ADAE-63489CD2ED5C}.Debug|x64.Build.0 = Debug|x64
		{4332E39D-3F94-4F7D-ADAE-63489CD2ED5C}.Debug|x64.Deploy.0 = Debug|x64
		{4332E39D-3F94-4F7D-ADAE-63489CD2ED5C}.Debug|x86.ActiveCfg = Debug|x86
		{4332E39D-3F94-4F7D-ADAE-63489CD2ED5C}.Debug|x86.Build.0 = Debug|x86
		{4332E39D-3F94-4F7D-ADAE-63489CD2ED5C}.Debug|x86.Deploy.0 = Debug|x86
		{4332E39D-3F94-4F7D-ADAE-63489CD2ED5C}.Release|Any CPU.ActiveCfg = Release|Any CPU
		{4332E39D-3F94-4F7D-ADAE-63489CD2ED5C}.Release|Any CPU.Build.0 = Release|Any CPU
		{4332E39D-3F94-4F7D-ADAE-63489CD2ED5C}.Release|Any CPU.Deploy.0 = Release|Any CPU
		{4332E39D-3F94-4F7D-ADAE-63489CD2ED5C}.Release|ARM.ActiveCfg = Release|ARM
		{4332E39D-3F94-4F7D-ADAE-63489CD2ED5C}.Release|ARM.Build.0 = Release|ARM
		{4332E39D-3F94-4F7D-ADAE-63489CD2ED5C}.Release|ARM.Deploy.0 = Release|ARM
		{4332E39D-3F94-4F7D-ADAE-63489CD2ED5C}.Release|x64.ActiveCfg = Release|x64
		{4332E39D-3F94-4F7D-ADAE-63489CD2ED5C}.Release|x64.Build.0 = Release|x64
		{4332E39D-3F94-4F7D-ADAE-63489CD2ED5C}.Release|x64.Deploy.0 = Release|x64
		{4332E39D-3F94-4F7D-ADAE-63489CD2ED5C}.Release|x86.ActiveCfg = Release|x86
		{4332E39D-3F94-4F7D-ADAE-63489CD2ED5C}.Release|x86.Build.0 = Release|x86
		{4332E39D-3F94-4F7D-ADAE-63489CD2ED5C}.Release|x86.Deploy.0 = Release|x86
		{A6D64211-F295-4BE6-8A7F-C6E9135F280D}.Debug|Any CPU.ActiveCfg = Debug|Any CPU
		{A6D64211-F295-4BE6-8A7F-C6E9135F280D}.Debug|Any CPU.Build.0 = Debug|Any CPU
		{A6D64211-F295-4BE6-8A7F-C6E9135F280D}.Debug|Any CPU.Deploy.0 = Debug|Any CPU
		{A6D64211-F295-4BE6-8A7F-C6E9135F280D}.Debug|ARM.ActiveCfg = Debug|ARM
		{A6D64211-F295-4BE6-8A7F-C6E9135F280D}.Debug|ARM.Build.0 = Debug|ARM
		{A6D64211-F295-4BE6-8A7F-C6E9135F280D}.Debug|ARM.Deploy.0 = Debug|ARM
		{A6D64211-F295-4BE6-8A7F-C6E9135F280D}.Debug|x64.ActiveCfg = Debug|Any CPU
		{A6D64211-F295-4BE6-8A7F-C6E9135F280D}.Debug|x86.ActiveCfg = Debug|x86
		{A6D64211-F295-4BE6-8A7F-C6E9135F280D}.Debug|x86.Build.0 = Debug|x86
		{A6D64211-F295-4BE6-8A7F-C6E9135F280D}.Debug|x86.Deploy.0 = Debug|x86
		{A6D64211-F295-4BE6-8A7F-C6E9135F280D}.Release|Any CPU.ActiveCfg = Release|Any CPU
		{A6D64211-F295-4BE6-8A7F-C6E9135F280D}.Release|Any CPU.Build.0 = Release|Any CPU
		{A6D64211-F295-4BE6-8A7F-C6E9135F280D}.Release|Any CPU.Deploy.0 = Release|Any CPU
		{A6D64211-F295-4BE6-8A7F-C6E9135F280D}.Release|ARM.ActiveCfg = Release|ARM
		{A6D64211-F295-4BE6-8A7F-C6E9135F280D}.Release|ARM.Build.0 = Release|ARM
		{A6D64211-F295-4BE6-8A7F-C6E9135F280D}.Release|ARM.Deploy.0 = Release|ARM
		{A6D64211-F295-4BE6-8A7F-C6E9135F280D}.Release|x64.ActiveCfg = Release|Any CPU
		{A6D64211-F295-4BE6-8A7F-C6E9135F280D}.Release|x86.ActiveCfg = Release|x86
		{A6D64211-F295-4BE6-8A7F-C6E9135F280D}.Release|x86.Build.0 = Release|x86
		{A6D64211-F295-4BE6-8A7F-C6E9135F280D}.Release|x86.Deploy.0 = Release|x86
	EndGlobalSection
	GlobalSection(SolutionProperties) = preSolution
		HideSolutionNode = FALSE
	EndGlobalSection
	GlobalSection(NestedProjects) = preSolution
		{831A6A92-DA04-4255-AE60-00E307A65DD8} = {773CAD5C-12EF-4B84-8C27-267B2B7E658D}
		{218DD20A-7D83-48C7-85B2-0FDC3AC39627} = {BD6F24F6-7E40-4564-9149-365D0E0B1F9C}
		{4332E39D-3F94-4F7D-ADAE-63489CD2ED5C} = {BD6F24F6-7E40-4564-9149-365D0E0B1F9C}
		{A6D64211-F295-4BE6-8A7F-C6E9135F280D} = {BD6F24F6-7E40-4564-9149-365D0E0B1F9C}
	EndGlobalSection
EndGlobal
